
Microsoft Visual Studio Solution File, Format Version 12.00
# Visual Studio Version 16
VisualStudioVersion = 16.0.30114.105
MinimumVisualStudioVersion = 10.0.40219.1
Project("{FAE04EC0-301F-11D3-BF4B-00C04F79EFBC}") = "PasswordGeneration", "PasswordGeneration.csproj", "{4629654E-0953-428F-BC2C-2BDCE97116EC}"
EndProject
Global
	GlobalSection(SolutionConfigurationPlatforms) = preSolution
		Debug|Any CPU = Debug|Any CPU
		Release|Any CPU = Release|Any CPU
	EndGlobalSection
	GlobalSection(ProjectConfigurationPlatforms) = postSolution
		{4629654E-0953-428F-BC2C-2BDCE97116EC}.Debug|Any CPU.ActiveCfg = Debug|Any CPU
		{4629654E-0953-428F-BC2C-2BDCE97116EC}.Debug|Any CPU.Build.0 = Debug|Any CPU
		{4629654E-0953-428F-BC2C-2BDCE97116EC}.Release|Any CPU.ActiveCfg = Release|Any CPU
		{4629654E-0953-428F-BC2C-2BDCE97116EC}.Release|Any CPU.Build.0 = Release|Any CPU
	EndGlobalSection
	GlobalSection(SolutionProperties) = preSolution
		HideSolutionNode = FALSE
	EndGlobalSection
	GlobalSection(ExtensibilityGlobals) = postSolution
		SolutionGuid = {31D52940-BD39-4CE9-AFB8-D3344C651403}
	EndGlobalSection
EndGlobal
